
Microsoft Visual Studio Solution File, Format Version 12.00
# Visual Studio Version 17
VisualStudioVersion = 17.3.32929.385
MinimumVisualStudioVersion = 10.0.40219.1
Project("{FAE04EC0-301F-11D3-BF4B-00C04F79EFBC}") = "csharp-biblioteca-db", "csharp-biblioteca-db.csproj", "{352D516B-F04F-4BBE-9FDC-A67461A87BDA}"
EndProject
Global
	GlobalSection(SolutionConfigurationPlatforms) = preSolution
		Debug|Any CPU = Debug|Any CPU
		Release|Any CPU = Release|Any CPU
	EndGlobalSection
	GlobalSection(ProjectConfigurationPlatforms) = postSolution
		{352D516B-F04F-4BBE-9FDC-A67461A87BDA}.Debug|Any CPU.ActiveCfg = Debug|Any CPU
		{352D516B-F04F-4BBE-9FDC-A67461A87BDA}.Debug|Any CPU.Build.0 = Debug|Any CPU
		{352D516B-F04F-4BBE-9FDC-A67461A87BDA}.Release|Any CPU.ActiveCfg = Release|Any CPU
		{352D516B-F04F-4BBE-9FDC-A67461A87BDA}.Release|Any CPU.Build.0 = Release|Any CPU
	EndGlobalSection
	GlobalSection(SolutionProperties) = preSolution
		HideSolutionNode = FALSE
	EndGlobalSection
	GlobalSection(ExtensibilityGlobals) = postSolution
		SolutionGuid = {4D90E520-C075-4FE7-8692-739DE441B8C6}
	EndGlobalSection
EndGlobal
